// !$*UTF8*$!
{
	archiveVersion = 1;
	classes = {
	};
	objectVersion = 50;
	objects = {

/* Begin PBXBuildFile section */
		F70AC99626FA83C30070088D /* WorkoutCall.swift in Sources */ = {isa = PBXBuildFile; fileRef = F70AC99526FA83C30070088D /* WorkoutCall.swift */; };
		F70AC99726FA83C30070088D /* WorkoutCall.swift in Sources */ = {isa = PBXBuildFile; fileRef = F70AC99526FA83C30070088D /* WorkoutCall.swift */; };
		F70AC99C26FA84330070088D /* WorkoutModel.swift in Sources */ = {isa = PBXBuildFile; fileRef = F70AC99B26FA84330070088D /* WorkoutModel.swift */; };
		F70AC99D26FA84330070088D /* WorkoutModel.swift in Sources */ = {isa = PBXBuildFile; fileRef = F70AC99B26FA84330070088D /* WorkoutModel.swift */; };
		F70AC99F26FA84690070088D /* WorkoutViewModel.swift in Sources */ = {isa = PBXBuildFile; fileRef = F70AC99E26FA84690070088D /* WorkoutViewModel.swift */; };
		F70AC9A026FA84690070088D /* WorkoutViewModel.swift in Sources */ = {isa = PBXBuildFile; fileRef = F70AC99E26FA84690070088D /* WorkoutViewModel.swift */; };
		F70AC9A226FA8ED30070088D /* WorkoutDetailScreen.swift in Sources */ = {isa = PBXBuildFile; fileRef = F70AC9A126FA8ED30070088D /* WorkoutDetailScreen.swift */; };
		F70AC9A326FA8ED30070088D /* WorkoutDetailScreen.swift in Sources */ = {isa = PBXBuildFile; fileRef = F70AC9A126FA8ED30070088D /* WorkoutDetailScreen.swift */; };
		F70AC9A526FA9AB00070088D /* ProfileInfo.swift in Sources */ = {isa = PBXBuildFile; fileRef = F70AC9A426FA9AB00070088D /* ProfileInfo.swift */; };
		F70AC9A626FA9AB00070088D /* ProfileInfo.swift in Sources */ = {isa = PBXBuildFile; fileRef = F70AC9A426FA9AB00070088D /* ProfileInfo.swift */; };
		F70BB01F2703B05D0078B6EC /* ProfileInfoEdit.swift in Sources */ = {isa = PBXBuildFile; fileRef = F70BB01E2703B05D0078B6EC /* ProfileInfoEdit.swift */; };
		F70CF11426DE684E00625573 /* HomeScreenViewModel.swift in Sources */ = {isa = PBXBuildFile; fileRef = F70CF11326DE684E00625573 /* HomeScreenViewModel.swift */; };
		F70CF11626DE690A00625573 /* HomeScreenCall.swift in Sources */ = {isa = PBXBuildFile; fileRef = F70CF11526DE690A00625573 /* HomeScreenCall.swift */; };
		F70CF11826DE69FC00625573 /* HomeScreenModel.swift in Sources */ = {isa = PBXBuildFile; fileRef = F70CF11726DE69FC00625573 /* HomeScreenModel.swift */; };
		F70CF11B26DE787600625573 /* HomeScreenIDModel.swift in Sources */ = {isa = PBXBuildFile; fileRef = F70CF11A26DE787600625573 /* HomeScreenIDModel.swift */; };
		F70F530F26DD1DDF00D7F9FC /* MealItemCall.swift in Sources */ = {isa = PBXBuildFile; fileRef = F70F530E26DD1DDF00D7F9FC /* MealItemCall.swift */; };
		F70F531226DD1E0700D7F9FC /* MealItemModel.swift in Sources */ = {isa = PBXBuildFile; fileRef = F70F531126DD1E0700D7F9FC /* MealItemModel.swift */; };
		F70F531626DD2C2200D7F9FC /* HomeScreenMealRow.swift in Sources */ = {isa = PBXBuildFile; fileRef = F70F531526DD2C2200D7F9FC /* HomeScreenMealRow.swift */; };
		F72F22BB26C3263B00B5E8B3 /* ProfileScreen.swift in Sources */ = {isa = PBXBuildFile; fileRef = F72F22BA26C3263B00B5E8B3 /* ProfileScreen.swift */; };
		F72F22BC26C3263B00B5E8B3 /* ProfileScreen.swift in Sources */ = {isa = PBXBuildFile; fileRef = F72F22BA26C3263B00B5E8B3 /* ProfileScreen.swift */; };
		F72F22BE26C3274500B5E8B3 /* CircleImage.swift in Sources */ = {isa = PBXBuildFile; fileRef = F72F22BD26C3274500B5E8B3 /* CircleImage.swift */; };
		F72F22BF26C3274500B5E8B3 /* CircleImage.swift in Sources */ = {isa = PBXBuildFile; fileRef = F72F22BD26C3274500B5E8B3 /* CircleImage.swift */; };
		F73C038626B20C44008509B4 /* MealsScreen.swift in Sources */ = {isa = PBXBuildFile; fileRef = F73C038526B20C43008509B4 /* MealsScreen.swift */; };
		F73C038726B20C44008509B4 /* MealsScreen.swift in Sources */ = {isa = PBXBuildFile; fileRef = F73C038526B20C43008509B4 /* MealsScreen.swift */; };
		F754B45E26DFC30F00840971 /* OverallNavigation.swift in Sources */ = {isa = PBXBuildFile; fileRef = F754B45D26DFC30F00840971 /* OverallNavigation.swift */; };
		F754B45F26DFC30F00840971 /* OverallNavigation.swift in Sources */ = {isa = PBXBuildFile; fileRef = F754B45D26DFC30F00840971 /* OverallNavigation.swift */; };
		F765718426B0AFE200BAAD6B /* MealItem.swift in Sources */ = {isa = PBXBuildFile; fileRef = F765718326B0AFE200BAAD6B /* MealItem.swift */; };
		F765718526B0AFE200BAAD6B /* MealItem.swift in Sources */ = {isa = PBXBuildFile; fileRef = F765718326B0AFE200BAAD6B /* MealItem.swift */; };
		F765718D26B0B42200BAAD6B /* WorkoutItem.swift in Sources */ = {isa = PBXBuildFile; fileRef = F765718C26B0B42200BAAD6B /* WorkoutItem.swift */; };
		F765718E26B0B42200BAAD6B /* WorkoutItem.swift in Sources */ = {isa = PBXBuildFile; fileRef = F765718C26B0B42200BAAD6B /* WorkoutItem.swift */; };
		F77570C326A9B68700C365CE /* Tests_iOS.swift in Sources */ = {isa = PBXBuildFile; fileRef = F77570C226A9B68700C365CE /* Tests_iOS.swift */; };
		F77570CE26A9B68700C365CE /* Tests_macOS.swift in Sources */ = {isa = PBXBuildFile; fileRef = F77570CD26A9B68700C365CE /* Tests_macOS.swift */; };
		F77570D026A9B68700C365CE /* Live_ItApp.swift in Sources */ = {isa = PBXBuildFile; fileRef = F77570A726A9B68600C365CE /* Live_ItApp.swift */; };
		F77570D126A9B68700C365CE /* Live_ItApp.swift in Sources */ = {isa = PBXBuildFile; fileRef = F77570A726A9B68600C365CE /* Live_ItApp.swift */; };
		F77570D226A9B68700C365CE /* ContentView.swift in Sources */ = {isa = PBXBuildFile; fileRef = F77570A826A9B68600C365CE /* ContentView.swift */; };
		F77570D326A9B68700C365CE /* ContentView.swift in Sources */ = {isa = PBXBuildFile; fileRef = F77570A826A9B68600C365CE /* ContentView.swift */; };
		F77570D426A9B68700C365CE /* Assets.xcassets in Resources */ = {isa = PBXBuildFile; fileRef = F77570A926A9B68700C365CE /* Assets.xcassets */; };
		F77570D526A9B68700C365CE /* Assets.xcassets in Resources */ = {isa = PBXBuildFile; fileRef = F77570A926A9B68700C365CE /* Assets.xcassets */; };
		F78C8AE726FBDEAB000B5B8A /* RegisterModel.swift in Sources */ = {isa = PBXBuildFile; fileRef = F78C8AE626FBDEAB000B5B8A /* RegisterModel.swift */; };
		F78C8AE926FBDFEC000B5B8A /* RegisterScreen.swift in Sources */ = {isa = PBXBuildFile; fileRef = F78C8AE826FBDFEC000B5B8A /* RegisterScreen.swift */; };
		F7981F0926C335EA00017492 /* DropdownView.swift in Sources */ = {isa = PBXBuildFile; fileRef = F7981F0826C335EA00017492 /* DropdownView.swift */; };
		F7981F0A26C335EA00017492 /* DropdownView.swift in Sources */ = {isa = PBXBuildFile; fileRef = F7981F0826C335EA00017492 /* DropdownView.swift */; };
		F7A82A8E26B31B12000CF1C2 /* ExerciseScreen.swift in Sources */ = {isa = PBXBuildFile; fileRef = F7A82A8D26B31B12000CF1C2 /* ExerciseScreen.swift */; };
		F7A82A8F26B31B12000CF1C2 /* ExerciseScreen.swift in Sources */ = {isa = PBXBuildFile; fileRef = F7A82A8D26B31B12000CF1C2 /* ExerciseScreen.swift */; };
		F7AFAD5B26AF6BCA0082AE45 /* HomeScreen.swift in Sources */ = {isa = PBXBuildFile; fileRef = F7AFAD5A26AF6BCA0082AE45 /* HomeScreen.swift */; };
		F7AFAD5C26AF6BCA0082AE45 /* HomeScreen.swift in Sources */ = {isa = PBXBuildFile; fileRef = F7AFAD5A26AF6BCA0082AE45 /* HomeScreen.swift */; };
		F7BEF91126F7911E00D69CC9 /* MealItemViewModel.swift in Sources */ = {isa = PBXBuildFile; fileRef = F7BEF91026F7911E00D69CC9 /* MealItemViewModel.swift */; };
		F7BEF91426F793A500D69CC9 /* LoginViewModel.swift in Sources */ = {isa = PBXBuildFile; fileRef = F7BEF91326F793A500D69CC9 /* LoginViewModel.swift */; };
		F7BEF91626F7942C00D69CC9 /* LoginModel.swift in Sources */ = {isa = PBXBuildFile; fileRef = F7BEF91526F7942C00D69CC9 /* LoginModel.swift */; };
		F7BEF91826F79A2A00D69CC9 /* LoginCall.swift in Sources */ = {isa = PBXBuildFile; fileRef = F7BEF91726F79A2A00D69CC9 /* LoginCall.swift */; };
		F7C1859926CD874300EBEC63 /* ProgressBar.swift in Sources */ = {isa = PBXBuildFile; fileRef = F7C1859826CD874300EBEC63 /* ProgressBar.swift */; };
		F7C1859A26CD874300EBEC63 /* ProgressBar.swift in Sources */ = {isa = PBXBuildFile; fileRef = F7C1859826CD874300EBEC63 /* ProgressBar.swift */; };
		F7C1859C26CD92BB00EBEC63 /* MealDetailScreen.swift in Sources */ = {isa = PBXBuildFile; fileRef = F7C1859B26CD92BB00EBEC63 /* MealDetailScreen.swift */; };
		F7C1859D26CD92BB00EBEC63 /* MealDetailScreen.swift in Sources */ = {isa = PBXBuildFile; fileRef = F7C1859B26CD92BB00EBEC63 /* MealDetailScreen.swift */; };
		F7CAE5EC26C47EE400521ACE /* MealPrefsScreen.swift in Sources */ = {isa = PBXBuildFile; fileRef = F7CAE5EB26C47EE400521ACE /* MealPrefsScreen.swift */; };
		F7CAE5ED26C47EE400521ACE /* MealPrefsScreen.swift in Sources */ = {isa = PBXBuildFile; fileRef = F7CAE5EB26C47EE400521ACE /* MealPrefsScreen.swift */; };
		F7CAE5EF26C482E600521ACE /* CheckBoxView.swift in Sources */ = {isa = PBXBuildFile; fileRef = F7CAE5EE26C482E600521ACE /* CheckBoxView.swift */; };
		F7CAE5F026C482E600521ACE /* CheckBoxView.swift in Sources */ = {isa = PBXBuildFile; fileRef = F7CAE5EE26C482E600521ACE /* CheckBoxView.swift */; };
/* End PBXBuildFile section */

/* Begin PBXContainerItemProxy section */
		F77570BF26A9B68700C365CE /* PBXContainerItemProxy */ = {
			isa = PBXContainerItemProxy;
			containerPortal = F77570A226A9B68600C365CE /* Project object */;
			proxyType = 1;
			remoteGlobalIDString = F77570AD26A9B68700C365CE;
			remoteInfo = "Live It (iOS)";
		};
		F77570CA26A9B68700C365CE /* PBXContainerItemProxy */ = {
			isa = PBXContainerItemProxy;
			containerPortal = F77570A226A9B68600C365CE /* Project object */;
			proxyType = 1;
			remoteGlobalIDString = F77570B526A9B68700C365CE;
			remoteInfo = "Live It (macOS)";
		};
/* End PBXContainerItemProxy section */

/* Begin PBXFileReference section */
		F70AC99526FA83C30070088D /* WorkoutCall.swift */ = {isa = PBXFileReference; lastKnownFileType = sourcecode.swift; path = WorkoutCall.swift; sourceTree = "<group>"; };
		F70AC99B26FA84330070088D /* WorkoutModel.swift */ = {isa = PBXFileReference; lastKnownFileType = sourcecode.swift; path = WorkoutModel.swift; sourceTree = "<group>"; };
		F70AC99E26FA84690070088D /* WorkoutViewModel.swift */ = {isa = PBXFileReference; lastKnownFileType = sourcecode.swift; path = WorkoutViewModel.swift; sourceTree = "<group>"; };
		F70AC9A126FA8ED30070088D /* WorkoutDetailScreen.swift */ = {isa = PBXFileReference; lastKnownFileType = sourcecode.swift; path = WorkoutDetailScreen.swift; sourceTree = "<group>"; };
		F70AC9A426FA9AB00070088D /* ProfileInfo.swift */ = {isa = PBXFileReference; lastKnownFileType = sourcecode.swift; path = ProfileInfo.swift; sourceTree = "<group>"; };
		F70BB01E2703B05D0078B6EC /* ProfileInfoEdit.swift */ = {isa = PBXFileReference; lastKnownFileType = sourcecode.swift; path = ProfileInfoEdit.swift; sourceTree = "<group>"; };
		F70CF11326DE684E00625573 /* HomeScreenViewModel.swift */ = {isa = PBXFileReference; lastKnownFileType = sourcecode.swift; path = HomeScreenViewModel.swift; sourceTree = "<group>"; };
		F70CF11526DE690A00625573 /* HomeScreenCall.swift */ = {isa = PBXFileReference; lastKnownFileType = sourcecode.swift; path = HomeScreenCall.swift; sourceTree = "<group>"; };
		F70CF11726DE69FC00625573 /* HomeScreenModel.swift */ = {isa = PBXFileReference; lastKnownFileType = sourcecode.swift; path = HomeScreenModel.swift; sourceTree = "<group>"; };
		F70CF11A26DE787600625573 /* HomeScreenIDModel.swift */ = {isa = PBXFileReference; lastKnownFileType = sourcecode.swift; path = HomeScreenIDModel.swift; sourceTree = "<group>"; };
		F70F530E26DD1DDF00D7F9FC /* MealItemCall.swift */ = {isa = PBXFileReference; lastKnownFileType = sourcecode.swift; path = MealItemCall.swift; sourceTree = "<group>"; };
		F70F531126DD1E0700D7F9FC /* MealItemModel.swift */ = {isa = PBXFileReference; lastKnownFileType = sourcecode.swift; path = MealItemModel.swift; sourceTree = "<group>"; };
		F70F531526DD2C2200D7F9FC /* HomeScreenMealRow.swift */ = {isa = PBXFileReference; lastKnownFileType = sourcecode.swift; path = HomeScreenMealRow.swift; sourceTree = "<group>"; };
		F72F22BA26C3263B00B5E8B3 /* ProfileScreen.swift */ = {isa = PBXFileReference; lastKnownFileType = sourcecode.swift; path = ProfileScreen.swift; sourceTree = "<group>"; };
		F72F22BD26C3274500B5E8B3 /* CircleImage.swift */ = {isa = PBXFileReference; lastKnownFileType = sourcecode.swift; path = CircleImage.swift; sourceTree = "<group>"; };
		F73C038526B20C43008509B4 /* MealsScreen.swift */ = {isa = PBXFileReference; lastKnownFileType = sourcecode.swift; path = MealsScreen.swift; sourceTree = "<group>"; };
		F754B45D26DFC30F00840971 /* OverallNavigation.swift */ = {isa = PBXFileReference; lastKnownFileType = sourcecode.swift; path = OverallNavigation.swift; sourceTree = "<group>"; };
		F765718326B0AFE200BAAD6B /* MealItem.swift */ = {isa = PBXFileReference; lastKnownFileType = sourcecode.swift; path = MealItem.swift; sourceTree = "<group>"; };
		F765718C26B0B42200BAAD6B /* WorkoutItem.swift */ = {isa = PBXFileReference; lastKnownFileType = sourcecode.swift; path = WorkoutItem.swift; sourceTree = "<group>"; };
		F77570A726A9B68600C365CE /* Live_ItApp.swift */ = {isa = PBXFileReference; lastKnownFileType = sourcecode.swift; path = Live_ItApp.swift; sourceTree = "<group>"; };
		F77570A826A9B68600C365CE /* ContentView.swift */ = {isa = PBXFileReference; lastKnownFileType = sourcecode.swift; path = ContentView.swift; sourceTree = "<group>"; };
		F77570A926A9B68700C365CE /* Assets.xcassets */ = {isa = PBXFileReference; lastKnownFileType = folder.assetcatalog; path = Assets.xcassets; sourceTree = "<group>"; };
		F77570AE26A9B68700C365CE /* Live It.app */ = {isa = PBXFileReference; explicitFileType = wrapper.application; includeInIndex = 0; path = "Live It.app"; sourceTree = BUILT_PRODUCTS_DIR; };
		F77570B126A9B68700C365CE /* Info.plist */ = {isa = PBXFileReference; lastKnownFileType = text.plist.xml; path = Info.plist; sourceTree = "<group>"; };
		F77570B626A9B68700C365CE /* Live It.app */ = {isa = PBXFileReference; explicitFileType = wrapper.application; includeInIndex = 0; path = "Live It.app"; sourceTree = BUILT_PRODUCTS_DIR; };
		F77570B826A9B68700C365CE /* Info.plist */ = {isa = PBXFileReference; lastKnownFileType = text.plist.xml; path = Info.plist; sourceTree = "<group>"; };
		F77570B926A9B68700C365CE /* macOS.entitlements */ = {isa = PBXFileReference; lastKnownFileType = text.plist.entitlements; path = macOS.entitlements; sourceTree = "<group>"; };
		F77570BE26A9B68700C365CE /* Tests iOS.xctest */ = {isa = PBXFileReference; explicitFileType = wrapper.cfbundle; includeInIndex = 0; path = "Tests iOS.xctest"; sourceTree = BUILT_PRODUCTS_DIR; };
		F77570C226A9B68700C365CE /* Tests_iOS.swift */ = {isa = PBXFileReference; lastKnownFileType = sourcecode.swift; path = Tests_iOS.swift; sourceTree = "<group>"; };
		F77570C426A9B68700C365CE /* Info.plist */ = {isa = PBXFileReference; lastKnownFileType = text.plist.xml; path = Info.plist; sourceTree = "<group>"; };
		F77570C926A9B68700C365CE /* Tests macOS.xctest */ = {isa = PBXFileReference; explicitFileType = wrapper.cfbundle; includeInIndex = 0; path = "Tests macOS.xctest"; sourceTree = BUILT_PRODUCTS_DIR; };
		F77570CD26A9B68700C365CE /* Tests_macOS.swift */ = {isa = PBXFileReference; lastKnownFileType = sourcecode.swift; path = Tests_macOS.swift; sourceTree = "<group>"; };
		F77570CF26A9B68700C365CE /* Info.plist */ = {isa = PBXFileReference; lastKnownFileType = text.plist.xml; path = Info.plist; sourceTree = "<group>"; };
		F78C8AE626FBDEAB000B5B8A /* RegisterModel.swift */ = {isa = PBXFileReference; lastKnownFileType = sourcecode.swift; path = RegisterModel.swift; sourceTree = "<group>"; };
		F78C8AE826FBDFEC000B5B8A /* RegisterScreen.swift */ = {isa = PBXFileReference; lastKnownFileType = sourcecode.swift; path = RegisterScreen.swift; sourceTree = "<group>"; };
		F7981F0826C335EA00017492 /* DropdownView.swift */ = {isa = PBXFileReference; lastKnownFileType = sourcecode.swift; path = DropdownView.swift; sourceTree = "<group>"; };
		F7A82A8D26B31B12000CF1C2 /* ExerciseScreen.swift */ = {isa = PBXFileReference; lastKnownFileType = sourcecode.swift; path = ExerciseScreen.swift; sourceTree = "<group>"; };
		F7AFAD5A26AF6BCA0082AE45 /* HomeScreen.swift */ = {isa = PBXFileReference; lastKnownFileType = sourcecode.swift; path = HomeScreen.swift; sourceTree = "<group>"; };
		F7BEF91026F7911E00D69CC9 /* MealItemViewModel.swift */ = {isa = PBXFileReference; lastKnownFileType = sourcecode.swift; path = MealItemViewModel.swift; sourceTree = "<group>"; };
		F7BEF91326F793A500D69CC9 /* LoginViewModel.swift */ = {isa = PBXFileReference; lastKnownFileType = sourcecode.swift; path = LoginViewModel.swift; sourceTree = "<group>"; };
		F7BEF91526F7942C00D69CC9 /* LoginModel.swift */ = {isa = PBXFileReference; lastKnownFileType = sourcecode.swift; path = LoginModel.swift; sourceTree = "<group>"; };
		F7BEF91726F79A2A00D69CC9 /* LoginCall.swift */ = {isa = PBXFileReference; lastKnownFileType = sourcecode.swift; path = LoginCall.swift; sourceTree = "<group>"; };
		F7C1859826CD874300EBEC63 /* ProgressBar.swift */ = {isa = PBXFileReference; lastKnownFileType = sourcecode.swift; path = ProgressBar.swift; sourceTree = "<group>"; };
		F7C1859B26CD92BB00EBEC63 /* MealDetailScreen.swift */ = {isa = PBXFileReference; lastKnownFileType = sourcecode.swift; path = MealDetailScreen.swift; sourceTree = "<group>"; };
		F7CAE5EB26C47EE400521ACE /* MealPrefsScreen.swift */ = {isa = PBXFileReference; lastKnownFileType = sourcecode.swift; path = MealPrefsScreen.swift; sourceTree = "<group>"; };
		F7CAE5EE26C482E600521ACE /* CheckBoxView.swift */ = {isa = PBXFileReference; lastKnownFileType = sourcecode.swift; path = CheckBoxView.swift; sourceTree = "<group>"; };
/* End PBXFileReference section */

/* Begin PBXFrameworksBuildPhase section */
		F77570AB26A9B68700C365CE /* Frameworks */ = {
			isa = PBXFrameworksBuildPhase;
			buildActionMask = 2147483647;
			files = (
			);
			runOnlyForDeploymentPostprocessing = 0;
		};
		F77570B326A9B68700C365CE /* Frameworks */ = {
			isa = PBXFrameworksBuildPhase;
			buildActionMask = 2147483647;
			files = (
			);
			runOnlyForDeploymentPostprocessing = 0;
		};
		F77570BB26A9B68700C365CE /* Frameworks */ = {
			isa = PBXFrameworksBuildPhase;
			buildActionMask = 2147483647;
			files = (
			);
			runOnlyForDeploymentPostprocessing = 0;
		};
		F77570C626A9B68700C365CE /* Frameworks */ = {
			isa = PBXFrameworksBuildPhase;
			buildActionMask = 2147483647;
			files = (
			);
			runOnlyForDeploymentPostprocessing = 0;
		};
/* End PBXFrameworksBuildPhase section */

/* Begin PBXGroup section */
		F70CF11926DE6A0000625573 /* HomeScreen */ = {
			isa = PBXGroup;
			children = (
				F70CF11726DE69FC00625573 /* HomeScreenModel.swift */,
				F70CF11526DE690A00625573 /* HomeScreenCall.swift */,
				F70CF11326DE684E00625573 /* HomeScreenViewModel.swift */,
				F70F531526DD2C2200D7F9FC /* HomeScreenMealRow.swift */,
				F70CF11A26DE787600625573 /* HomeScreenIDModel.swift */,
			);
			path = HomeScreen;
			sourceTree = "<group>";
		};
		F765718226B0AFC500BAAD6B /* Meals */ = {
			isa = PBXGroup;
			children = (
				F70F530E26DD1DDF00D7F9FC /* MealItemCall.swift */,
				F70F531126DD1E0700D7F9FC /* MealItemModel.swift */,
				F765718326B0AFE200BAAD6B /* MealItem.swift */,
				F7BEF91026F7911E00D69CC9 /* MealItemViewModel.swift */,
			);
			path = Meals;
			sourceTree = "<group>";
		};
		F765718A26B0B40A00BAAD6B /* Workouts */ = {
			isa = PBXGroup;
			children = (
				F765718C26B0B42200BAAD6B /* WorkoutItem.swift */,
				F70AC99526FA83C30070088D /* WorkoutCall.swift */,
				F70AC99B26FA84330070088D /* WorkoutModel.swift */,
				F70AC99E26FA84690070088D /* WorkoutViewModel.swift */,
			);
			path = Workouts;
			sourceTree = "<group>";
		};
		F77570A126A9B68600C365CE = {
			isa = PBXGroup;
			children = (
				F7BEF91226F7938700D69CC9 /* LoginAndRegistration */,
				F70CF11926DE6A0000625573 /* HomeScreen */,
				F7981F0B26C335ED00017492 /* Helpers */,
				F765718A26B0B40A00BAAD6B /* Workouts */,
				F765718226B0AFC500BAAD6B /* Meals */,
				F7AFAD5D26AF6BCF0082AE45 /* Screens */,
				F77570A626A9B68600C365CE /* Shared */,
				F77570B026A9B68700C365CE /* iOS */,
				F77570B726A9B68700C365CE /* macOS */,
				F77570C126A9B68700C365CE /* Tests iOS */,
				F77570CC26A9B68700C365CE /* Tests macOS */,
				F77570AF26A9B68700C365CE /* Products */,
			);
			sourceTree = "<group>";
		};
		F77570A626A9B68600C365CE /* Shared */ = {
			isa = PBXGroup;
			children = (
				F77570A726A9B68600C365CE /* Live_ItApp.swift */,
				F77570A926A9B68700C365CE /* Assets.xcassets */,
			);
			path = Shared;
			sourceTree = "<group>";
		};
		F77570AF26A9B68700C365CE /* Products */ = {
			isa = PBXGroup;
			children = (
				F77570AE26A9B68700C365CE /* Live It.app */,
				F77570B626A9B68700C365CE /* Live It.app */,
				F77570BE26A9B68700C365CE /* Tests iOS.xctest */,
				F77570C926A9B68700C365CE /* Tests macOS.xctest */,
			);
			name = Products;
			sourceTree = "<group>";
		};
		F77570B026A9B68700C365CE /* iOS */ = {
			isa = PBXGroup;
			children = (
				F77570B126A9B68700C365CE /* Info.plist */,
			);
			path = iOS;
			sourceTree = "<group>";
		};
		F77570B726A9B68700C365CE /* macOS */ = {
			isa = PBXGroup;
			children = (
				F77570B826A9B68700C365CE /* Info.plist */,
				F77570B926A9B68700C365CE /* macOS.entitlements */,
			);
			path = macOS;
			sourceTree = "<group>";
		};
		F77570C126A9B68700C365CE /* Tests iOS */ = {
			isa = PBXGroup;
			children = (
				F77570C226A9B68700C365CE /* Tests_iOS.swift */,
				F77570C426A9B68700C365CE /* Info.plist */,
			);
			path = "Tests iOS";
			sourceTree = "<group>";
		};
		F77570CC26A9B68700C365CE /* Tests macOS */ = {
			isa = PBXGroup;
			children = (
				F77570CD26A9B68700C365CE /* Tests_macOS.swift */,
				F77570CF26A9B68700C365CE /* Info.plist */,
			);
			path = "Tests macOS";
			sourceTree = "<group>";
		};
		F7981F0B26C335ED00017492 /* Helpers */ = {
			isa = PBXGroup;
			children = (
				F72F22BD26C3274500B5E8B3 /* CircleImage.swift */,
				F7981F0826C335EA00017492 /* DropdownView.swift */,
				F7CAE5EE26C482E600521ACE /* CheckBoxView.swift */,
				F7C1859826CD874300EBEC63 /* ProgressBar.swift */,
			);
			path = Helpers;
			sourceTree = "<group>";
		};
		F7AFAD5D26AF6BCF0082AE45 /* Screens */ = {
			isa = PBXGroup;
			children = (
				F77570A826A9B68600C365CE /* ContentView.swift */,
				F7AFAD5A26AF6BCA0082AE45 /* HomeScreen.swift */,
				F73C038526B20C43008509B4 /* MealsScreen.swift */,
				F7A82A8D26B31B12000CF1C2 /* ExerciseScreen.swift */,
				F72F22BA26C3263B00B5E8B3 /* ProfileScreen.swift */,
				F7CAE5EB26C47EE400521ACE /* MealPrefsScreen.swift */,
				F7C1859B26CD92BB00EBEC63 /* MealDetailScreen.swift */,
				F754B45D26DFC30F00840971 /* OverallNavigation.swift */,
				F70AC9A126FA8ED30070088D /* WorkoutDetailScreen.swift */,
				F78C8AE826FBDFEC000B5B8A /* RegisterScreen.swift */,
			);
			path = Screens;
			sourceTree = "<group>";
		};
		F7BEF91226F7938700D69CC9 /* LoginAndRegistration */ = {
			isa = PBXGroup;
			children = (
				F7BEF91326F793A500D69CC9 /* LoginViewModel.swift */,
				F7BEF91526F7942C00D69CC9 /* LoginModel.swift */,
				F78C8AE626FBDEAB000B5B8A /* RegisterModel.swift */,
				F7BEF91726F79A2A00D69CC9 /* LoginCall.swift */,
				F70AC9A426FA9AB00070088D /* ProfileInfo.swift */,
				F70BB01E2703B05D0078B6EC /* ProfileInfoEdit.swift */,
			);
			path = LoginAndRegistration;
			sourceTree = "<group>";
		};
/* End PBXGroup section */

/* Begin PBXNativeTarget section */
		F77570AD26A9B68700C365CE /* Live It (iOS) */ = {
			isa = PBXNativeTarget;
			buildConfigurationList = F77570D826A9B68700C365CE /* Build configuration list for PBXNativeTarget "Live It (iOS)" */;
			buildPhases = (
				F77570AA26A9B68700C365CE /* Sources */,
				F77570AB26A9B68700C365CE /* Frameworks */,
				F77570AC26A9B68700C365CE /* Resources */,
			);
			buildRules = (
			);
			dependencies = (
			);
			name = "Live It (iOS)";
			productName = "Live It (iOS)";
			productReference = F77570AE26A9B68700C365CE /* Live It.app */;
			productType = "com.apple.product-type.application";
		};
		F77570B526A9B68700C365CE /* Live It (macOS) */ = {
			isa = PBXNativeTarget;
			buildConfigurationList = F77570DB26A9B68700C365CE /* Build configuration list for PBXNativeTarget "Live It (macOS)" */;
			buildPhases = (
				F77570B226A9B68700C365CE /* Sources */,
				F77570B326A9B68700C365CE /* Frameworks */,
				F77570B426A9B68700C365CE /* Resources */,
			);
			buildRules = (
			);
			dependencies = (
			);
			name = "Live It (macOS)";
			productName = "Live It (macOS)";
			productReference = F77570B626A9B68700C365CE /* Live It.app */;
			productType = "com.apple.product-type.application";
		};
		F77570BD26A9B68700C365CE /* Tests iOS */ = {
			isa = PBXNativeTarget;
			buildConfigurationList = F77570DE26A9B68700C365CE /* Build configuration list for PBXNativeTarget "Tests iOS" */;
			buildPhases = (
				F77570BA26A9B68700C365CE /* Sources */,
				F77570BB26A9B68700C365CE /* Frameworks */,
				F77570BC26A9B68700C365CE /* Resources */,
			);
			buildRules = (
			);
			dependencies = (
				F77570C026A9B68700C365CE /* PBXTargetDependency */,
			);
			name = "Tests iOS";
			productName = "Tests iOS";
			productReference = F77570BE26A9B68700C365CE /* Tests iOS.xctest */;
			productType = "com.apple.product-type.bundle.ui-testing";
		};
		F77570C826A9B68700C365CE /* Tests macOS */ = {
			isa = PBXNativeTarget;
			buildConfigurationList = F77570E126A9B68700C365CE /* Build configuration list for PBXNativeTarget "Tests macOS" */;
			buildPhases = (
				F77570C526A9B68700C365CE /* Sources */,
				F77570C626A9B68700C365CE /* Frameworks */,
				F77570C726A9B68700C365CE /* Resources */,
			);
			buildRules = (
			);
			dependencies = (
				F77570CB26A9B68700C365CE /* PBXTargetDependency */,
			);
			name = "Tests macOS";
			productName = "Tests macOS";
			productReference = F77570C926A9B68700C365CE /* Tests macOS.xctest */;
			productType = "com.apple.product-type.bundle.ui-testing";
		};
/* End PBXNativeTarget section */

/* Begin PBXProject section */
		F77570A226A9B68600C365CE /* Project object */ = {
			isa = PBXProject;
			attributes = {
				LastSwiftUpdateCheck = 1250;
				LastUpgradeCheck = 1300;
				TargetAttributes = {
					F77570AD26A9B68700C365CE = {
						CreatedOnToolsVersion = 12.5.1;
					};
					F77570B526A9B68700C365CE = {
						CreatedOnToolsVersion = 12.5.1;
					};
					F77570BD26A9B68700C365CE = {
						CreatedOnToolsVersion = 12.5.1;
						TestTargetID = F77570AD26A9B68700C365CE;
					};
					F77570C826A9B68700C365CE = {
						CreatedOnToolsVersion = 12.5.1;
						TestTargetID = F77570B526A9B68700C365CE;
					};
				};
			};
			buildConfigurationList = F77570A526A9B68600C365CE /* Build configuration list for PBXProject "Live It" */;
			compatibilityVersion = "Xcode 9.3";
			developmentRegion = en;
			hasScannedForEncodings = 0;
			knownRegions = (
				en,
				Base,
			);
			mainGroup = F77570A126A9B68600C365CE;
			productRefGroup = F77570AF26A9B68700C365CE /* Products */;
			projectDirPath = "";
			projectRoot = "";
			targets = (
				F77570AD26A9B68700C365CE /* Live It (iOS) */,
				F77570B526A9B68700C365CE /* Live It (macOS) */,
				F77570BD26A9B68700C365CE /* Tests iOS */,
				F77570C826A9B68700C365CE /* Tests macOS */,
			);
		};
/* End PBXProject section */

/* Begin PBXResourcesBuildPhase section */
		F77570AC26A9B68700C365CE /* Resources */ = {
			isa = PBXResourcesBuildPhase;
			buildActionMask = 2147483647;
			files = (
				F77570D426A9B68700C365CE /* Assets.xcassets in Resources */,
			);
			runOnlyForDeploymentPostprocessing = 0;
		};
		F77570B426A9B68700C365CE /* Resources */ = {
			isa = PBXResourcesBuildPhase;
			buildActionMask = 2147483647;
			files = (
				F77570D526A9B68700C365CE /* Assets.xcassets in Resources */,
			);
			runOnlyForDeploymentPostprocessing = 0;
		};
		F77570BC26A9B68700C365CE /* Resources */ = {
			isa = PBXResourcesBuildPhase;
			buildActionMask = 2147483647;
			files = (
			);
			runOnlyForDeploymentPostprocessing = 0;
		};
		F77570C726A9B68700C365CE /* Resources */ = {
			isa = PBXResourcesBuildPhase;
			buildActionMask = 2147483647;
			files = (
			);
			runOnlyForDeploymentPostprocessing = 0;
		};
/* End PBXResourcesBuildPhase section */

/* Begin PBXSourcesBuildPhase section */
		F77570AA26A9B68700C365CE /* Sources */ = {
			isa = PBXSourcesBuildPhase;
			buildActionMask = 2147483647;
			files = (
				F765718D26B0B42200BAAD6B /* WorkoutItem.swift in Sources */,
				F754B45E26DFC30F00840971 /* OverallNavigation.swift in Sources */,
				F70AC9A526FA9AB00070088D /* ProfileInfo.swift in Sources */,
				F77570D226A9B68700C365CE /* ContentView.swift in Sources */,
				F78C8AE726FBDEAB000B5B8A /* RegisterModel.swift in Sources */,
				F70AC99F26FA84690070088D /* WorkoutViewModel.swift in Sources */,
				F70AC9A226FA8ED30070088D /* WorkoutDetailScreen.swift in Sources */,
				F7BEF91126F7911E00D69CC9 /* MealItemViewModel.swift in Sources */,
				F70CF11626DE690A00625573 /* HomeScreenCall.swift in Sources */,
				F7C1859C26CD92BB00EBEC63 /* MealDetailScreen.swift in Sources */,
				F70AC99626FA83C30070088D /* WorkoutCall.swift in Sources */,
				F77570D026A9B68700C365CE /* Live_ItApp.swift in Sources */,
				F7AFAD5B26AF6BCA0082AE45 /* HomeScreen.swift in Sources */,
				F7BEF91826F79A2A00D69CC9 /* LoginCall.swift in Sources */,
				F7981F0926C335EA00017492 /* DropdownView.swift in Sources */,
				F7CAE5EF26C482E600521ACE /* CheckBoxView.swift in Sources */,
				F73C038626B20C44008509B4 /* MealsScreen.swift in Sources */,
				F765718426B0AFE200BAAD6B /* MealItem.swift in Sources */,
				F78C8AE926FBDFEC000B5B8A /* RegisterScreen.swift in Sources */,
				F7BEF91426F793A500D69CC9 /* LoginViewModel.swift in Sources */,
				F70AC99C26FA84330070088D /* WorkoutModel.swift in Sources */,
				F70F530F26DD1DDF00D7F9FC /* MealItemCall.swift in Sources */,
				F72F22BE26C3274500B5E8B3 /* CircleImage.swift in Sources */,
				F70F531226DD1E0700D7F9FC /* MealItemModel.swift in Sources */,
				F7A82A8E26B31B12000CF1C2 /* ExerciseScreen.swift in Sources */,
				F70BB01F2703B05D0078B6EC /* ProfileInfoEdit.swift in Sources */,
				F72F22BB26C3263B00B5E8B3 /* ProfileScreen.swift in Sources */,
				F70CF11B26DE787600625573 /* HomeScreenIDModel.swift in Sources */,
				F70CF11426DE684E00625573 /* HomeScreenViewModel.swift in Sources */,
				F7BEF91626F7942C00D69CC9 /* LoginModel.swift in Sources */,
				F70CF11826DE69FC00625573 /* HomeScreenModel.swift in Sources */,
				F7C1859926CD874300EBEC63 /* ProgressBar.swift in Sources */,
				F7CAE5EC26C47EE400521ACE /* MealPrefsScreen.swift in Sources */,
				F70F531626DD2C2200D7F9FC /* HomeScreenMealRow.swift in Sources */,
			);
			runOnlyForDeploymentPostprocessing = 0;
		};
		F77570B226A9B68700C365CE /* Sources */ = {
			isa = PBXSourcesBuildPhase;
			buildActionMask = 2147483647;
			files = (
				F765718E26B0B42200BAAD6B /* WorkoutItem.swift in Sources */,
				F77570D326A9B68700C365CE /* ContentView.swift in Sources */,
				F7C1859D26CD92BB00EBEC63 /* MealDetailScreen.swift in Sources */,
				F77570D126A9B68700C365CE /* Live_ItApp.swift in Sources */,
				F7AFAD5C26AF6BCA0082AE45 /* HomeScreen.swift in Sources */,
				F70AC9A626FA9AB00070088D /* ProfileInfo.swift in Sources */,
				F7981F0A26C335EA00017492 /* DropdownView.swift in Sources */,
				F70AC99D26FA84330070088D /* WorkoutModel.swift in Sources */,
				F754B45F26DFC30F00840971 /* OverallNavigation.swift in Sources */,
				F7CAE5F026C482E600521ACE /* CheckBoxView.swift in Sources */,
				F73C038726B20C44008509B4 /* MealsScreen.swift in Sources */,
				F765718526B0AFE200BAAD6B /* MealItem.swift in Sources */,
				F72F22BF26C3274500B5E8B3 /* CircleImage.swift in Sources */,
				F7A82A8F26B31B12000CF1C2 /* ExerciseScreen.swift in Sources */,
				F72F22BC26C3263B00B5E8B3 /* ProfileScreen.swift in Sources */,
				F7C1859A26CD874300EBEC63 /* ProgressBar.swift in Sources */,
				F70AC9A026FA84690070088D /* WorkoutViewModel.swift in Sources */,
				F7CAE5ED26C47EE400521ACE /* MealPrefsScreen.swift in Sources */,
				F70AC99726FA83C30070088D /* WorkoutCall.swift in Sources */,
				F70AC9A326FA8ED30070088D /* WorkoutDetailScreen.swift in Sources */,
			);
			runOnlyForDeploymentPostprocessing = 0;
		};
		F77570BA26A9B68700C365CE /* Sources */ = {
			isa = PBXSourcesBuildPhase;
			buildActionMask = 2147483647;
			files = (
				F77570C326A9B68700C365CE /* Tests_iOS.swift in Sources */,
			);
			runOnlyForDeploymentPostprocessing = 0;
		};
		F77570C526A9B68700C365CE /* Sources */ = {
			isa = PBXSourcesBuildPhase;
			buildActionMask = 2147483647;
			files = (
				F77570CE26A9B68700C365CE /* Tests_macOS.swift in Sources */,
			);
			runOnlyForDeploymentPostprocessing = 0;
		};
/* End PBXSourcesBuildPhase section */

/* Begin PBXTargetDependency section */
		F77570C026A9B68700C365CE /* PBXTargetDependency */ = {
			isa = PBXTargetDependency;
			target = F77570AD26A9B68700C365CE /* Live It (iOS) */;
			targetProxy = F77570BF26A9B68700C365CE /* PBXContainerItemProxy */;
		};
		F77570CB26A9B68700C365CE /* PBXTargetDependency */ = {
			isa = PBXTargetDependency;
			target = F77570B526A9B68700C365CE /* Live It (macOS) */;
			targetProxy = F77570CA26A9B68700C365CE /* PBXContainerItemProxy */;
		};
/* End PBXTargetDependency section */

/* Begin XCBuildConfiguration section */
		F77570D626A9B68700C365CE /* Debug */ = {
			isa = XCBuildConfiguration;
			buildSettings = {
				ALWAYS_SEARCH_USER_PATHS = NO;
				CLANG_ANALYZER_NONNULL = YES;
				CLANG_ANALYZER_NUMBER_OBJECT_CONVERSION = YES_AGGRESSIVE;
				CLANG_CXX_LANGUAGE_STANDARD = "gnu++14";
				CLANG_CXX_LIBRARY = "libc++";
				CLANG_ENABLE_MODULES = YES;
				CLANG_ENABLE_OBJC_ARC = YES;
				CLANG_ENABLE_OBJC_WEAK = YES;
				CLANG_WARN_BLOCK_CAPTURE_AUTORELEASING = YES;
				CLANG_WARN_BOOL_CONVERSION = YES;
				CLANG_WARN_COMMA = YES;
				CLANG_WARN_CONSTANT_CONVERSION = YES;
				CLANG_WARN_DEPRECATED_OBJC_IMPLEMENTATIONS = YES;
				CLANG_WARN_DIRECT_OBJC_ISA_USAGE = YES_ERROR;
				CLANG_WARN_DOCUMENTATION_COMMENTS = YES;
				CLANG_WARN_EMPTY_BODY = YES;
				CLANG_WARN_ENUM_CONVERSION = YES;
				CLANG_WARN_INFINITE_RECURSION = YES;
				CLANG_WARN_INT_CONVERSION = YES;
				CLANG_WARN_NON_LITERAL_NULL_CONVERSION = YES;
				CLANG_WARN_OBJC_IMPLICIT_RETAIN_SELF = YES;
				CLANG_WARN_OBJC_LITERAL_CONVERSION = YES;
				CLANG_WARN_OBJC_ROOT_CLASS = YES_ERROR;
				CLANG_WARN_QUOTED_INCLUDE_IN_FRAMEWORK_HEADER = YES;
				CLANG_WARN_RANGE_LOOP_ANALYSIS = YES;
				CLANG_WARN_STRICT_PROTOTYPES = YES;
				CLANG_WARN_SUSPICIOUS_MOVE = YES;
				CLANG_WARN_UNGUARDED_AVAILABILITY = YES_AGGRESSIVE;
				CLANG_WARN_UNREACHABLE_CODE = YES;
				CLANG_WARN__DUPLICATE_METHOD_MATCH = YES;
				COPY_PHASE_STRIP = NO;
				DEBUG_INFORMATION_FORMAT = dwarf;
				ENABLE_STRICT_OBJC_MSGSEND = YES;
				ENABLE_TESTABILITY = YES;
				GCC_C_LANGUAGE_STANDARD = gnu11;
				GCC_DYNAMIC_NO_PIC = NO;
				GCC_NO_COMMON_BLOCKS = YES;
				GCC_OPTIMIZATION_LEVEL = 0;
				GCC_PREPROCESSOR_DEFINITIONS = (
					"DEBUG=1",
					"$(inherited)",
				);
				GCC_WARN_64_TO_32_BIT_CONVERSION = YES;
				GCC_WARN_ABOUT_RETURN_TYPE = YES_ERROR;
				GCC_WARN_UNDECLARED_SELECTOR = YES;
				GCC_WARN_UNINITIALIZED_AUTOS = YES_AGGRESSIVE;
				GCC_WARN_UNUSED_FUNCTION = YES;
				GCC_WARN_UNUSED_VARIABLE = YES;
				MTL_ENABLE_DEBUG_INFO = INCLUDE_SOURCE;
				MTL_FAST_MATH = YES;
				ONLY_ACTIVE_ARCH = YES;
				SWIFT_ACTIVE_COMPILATION_CONDITIONS = DEBUG;
				SWIFT_OPTIMIZATION_LEVEL = "-Onone";
			};
			name = Debug;
		};
		F77570D726A9B68700C365CE /* Release */ = {
			isa = XCBuildConfiguration;
			buildSettings = {
				ALWAYS_SEARCH_USER_PATHS = NO;
				CLANG_ANALYZER_NONNULL = YES;
				CLANG_ANALYZER_NUMBER_OBJECT_CONVERSION = YES_AGGRESSIVE;
				CLANG_CXX_LANGUAGE_STANDARD = "gnu++14";
				CLANG_CXX_LIBRARY = "libc++";
				CLANG_ENABLE_MODULES = YES;
				CLANG_ENABLE_OBJC_ARC = YES;
				CLANG_ENABLE_OBJC_WEAK = YES;
				CLANG_WARN_BLOCK_CAPTURE_AUTORELEASING = YES;
				CLANG_WARN_BOOL_CONVERSION = YES;
				CLANG_WARN_COMMA = YES;
				CLANG_WARN_CONSTANT_CONVERSION = YES;
				CLANG_WARN_DEPRECATED_OBJC_IMPLEMENTATIONS = YES;
				CLANG_WARN_DIRECT_OBJC_ISA_USAGE = YES_ERROR;
				CLANG_WARN_DOCUMENTATION_COMMENTS = YES;
				CLANG_WARN_EMPTY_BODY = YES;
				CLANG_WARN_ENUM_CONVERSION = YES;
				CLANG_WARN_INFINITE_RECURSION = YES;
				CLANG_WARN_INT_CONVERSION = YES;
				CLANG_WARN_NON_LITERAL_NULL_CONVERSION = YES;
				CLANG_WARN_OBJC_IMPLICIT_RETAIN_SELF = YES;
				CLANG_WARN_OBJC_LITERAL_CONVERSION = YES;
				CLANG_WARN_OBJC_ROOT_CLASS = YES_ERROR;
				CLANG_WARN_QUOTED_INCLUDE_IN_FRAMEWORK_HEADER = YES;
				CLANG_WARN_RANGE_LOOP_ANALYSIS = YES;
				CLANG_WARN_STRICT_PROTOTYPES = YES;
				CLANG_WARN_SUSPICIOUS_MOVE = YES;
				CLANG_WARN_UNGUARDED_AVAILABILITY = YES_AGGRESSIVE;
				CLANG_WARN_UNREACHABLE_CODE = YES;
				CLANG_WARN__DUPLICATE_METHOD_MATCH = YES;
				COPY_PHASE_STRIP = NO;
				DEBUG_INFORMATION_FORMAT = "dwarf-with-dsym";
				ENABLE_NS_ASSERTIONS = NO;
				ENABLE_STRICT_OBJC_MSGSEND = YES;
				GCC_C_LANGUAGE_STANDARD = gnu11;
				GCC_NO_COMMON_BLOCKS = YES;
				GCC_WARN_64_TO_32_BIT_CONVERSION = YES;
				GCC_WARN_ABOUT_RETURN_TYPE = YES_ERROR;
				GCC_WARN_UNDECLARED_SELECTOR = YES;
				GCC_WARN_UNINITIALIZED_AUTOS = YES_AGGRESSIVE;
				GCC_WARN_UNUSED_FUNCTION = YES;
				GCC_WARN_UNUSED_VARIABLE = YES;
				MTL_ENABLE_DEBUG_INFO = NO;
				MTL_FAST_MATH = YES;
				SWIFT_COMPILATION_MODE = wholemodule;
				SWIFT_OPTIMIZATION_LEVEL = "-O";
			};
			name = Release;
		};
		F77570D926A9B68700C365CE /* Debug */ = {
			isa = XCBuildConfiguration;
			buildSettings = {
				ASSETCATALOG_COMPILER_APPICON_NAME = AppIcon;
				ASSETCATALOG_COMPILER_GLOBAL_ACCENT_COLOR_NAME = AccentColor;
				CODE_SIGN_STYLE = Automatic;
				DEVELOPMENT_TEAM = TL893ZWF55;
				ENABLE_PREVIEWS = YES;
				INFOPLIST_FILE = iOS/Info.plist;
				IPHONEOS_DEPLOYMENT_TARGET = 14.0;
				LD_RUNPATH_SEARCH_PATHS = (
					"$(inherited)",
					"@executable_path/Frameworks",
				);
				PRODUCT_BUNDLE_IDENTIFIER = "RikRoy.Live-It";
				PRODUCT_NAME = "Live It";
				SDKROOT = iphoneos;
				SWIFT_VERSION = 5.0;
				TARGETED_DEVICE_FAMILY = "1,2";
			};
			name = Debug;
		};
		F77570DA26A9B68700C365CE /* Release */ = {
			isa = XCBuildConfiguration;
			buildSettings = {
				ASSETCATALOG_COMPILER_APPICON_NAME = AppIcon;
				ASSETCATALOG_COMPILER_GLOBAL_ACCENT_COLOR_NAME = AccentColor;
				CODE_SIGN_STYLE = Automatic;
				DEVELOPMENT_TEAM = TL893ZWF55;
				ENABLE_PREVIEWS = YES;
				INFOPLIST_FILE = iOS/Info.plist;
				IPHONEOS_DEPLOYMENT_TARGET = 14.0;
				LD_RUNPATH_SEARCH_PATHS = (
					"$(inherited)",
					"@executable_path/Frameworks",
				);
				PRODUCT_BUNDLE_IDENTIFIER = "RikRoy.Live-It";
				PRODUCT_NAME = "Live It";
				SDKROOT = iphoneos;
				SWIFT_VERSION = 5.0;
				TARGETED_DEVICE_FAMILY = "1,2";
				VALIDATE_PRODUCT = YES;
			};
			name = Release;
		};
		F77570DC26A9B68700C365CE /* Debug */ = {
			isa = XCBuildConfiguration;
			buildSettings = {
				ASSETCATALOG_COMPILER_APPICON_NAME = AppIcon;
				ASSETCATALOG_COMPILER_GLOBAL_ACCENT_COLOR_NAME = AccentColor;
				CODE_SIGN_ENTITLEMENTS = macOS/macOS.entitlements;
				CODE_SIGN_IDENTITY = "-";
				CODE_SIGN_STYLE = Automatic;
				COMBINE_HIDPI_IMAGES = YES;
				ENABLE_PREVIEWS = YES;
				INFOPLIST_FILE = macOS/Info.plist;
				LD_RUNPATH_SEARCH_PATHS = (
					"$(inherited)",
					"@executable_path/../Frameworks",
				);
				MACOSX_DEPLOYMENT_TARGET = 11.0;
				PRODUCT_BUNDLE_IDENTIFIER = "RikRoy.Live-It";
				PRODUCT_NAME = "Live It";
				SDKROOT = macosx;
				SWIFT_VERSION = 5.0;
			};
			name = Debug;
		};
		F77570DD26A9B68700C365CE /* Release */ = {
			isa = XCBuildConfiguration;
			buildSettings = {
				ASSETCATALOG_COMPILER_APPICON_NAME = AppIcon;
				ASSETCATALOG_COMPILER_GLOBAL_ACCENT_COLOR_NAME = AccentColor;
				CODE_SIGN_ENTITLEMENTS = macOS/macOS.entitlements;
				CODE_SIGN_IDENTITY = "-";
				CODE_SIGN_STYLE = Automatic;
				COMBINE_HIDPI_IMAGES = YES;
				ENABLE_PREVIEWS = YES;
				INFOPLIST_FILE = macOS/Info.plist;
				LD_RUNPATH_SEARCH_PATHS = (
					"$(inherited)",
					"@executable_path/../Frameworks",
				);
				MACOSX_DEPLOYMENT_TARGET = 11.0;
				PRODUCT_BUNDLE_IDENTIFIER = "RikRoy.Live-It";
				PRODUCT_NAME = "Live It";
				SDKROOT = macosx;
				SWIFT_VERSION = 5.0;
			};
			name = Release;
		};
		F77570DF26A9B68700C365CE /* Debug */ = {
			isa = XCBuildConfiguration;
			buildSettings = {
				ALWAYS_EMBED_SWIFT_STANDARD_LIBRARIES = YES;
				CODE_SIGN_STYLE = Automatic;
				INFOPLIST_FILE = "Tests iOS/Info.plist";
				IPHONEOS_DEPLOYMENT_TARGET = 14.5;
				LD_RUNPATH_SEARCH_PATHS = (
					"$(inherited)",
					"@executable_path/Frameworks",
					"@loader_path/Frameworks",
				);
				PRODUCT_BUNDLE_IDENTIFIER = "RikRoy.Tests-iOS";
				PRODUCT_NAME = "$(TARGET_NAME)";
				SDKROOT = iphoneos;
				SWIFT_VERSION = 5.0;
				TARGETED_DEVICE_FAMILY = "1,2";
				TEST_TARGET_NAME = "Live It (iOS)";
			};
			name = Debug;
		};
		F77570E026A9B68700C365CE /* Release */ = {
			isa = XCBuildConfiguration;
			buildSettings = {
				ALWAYS_EMBED_SWIFT_STANDARD_LIBRARIES = YES;
				CODE_SIGN_STYLE = Automatic;
				INFOPLIST_FILE = "Tests iOS/Info.plist";
				IPHONEOS_DEPLOYMENT_TARGET = 14.5;
				LD_RUNPATH_SEARCH_PATHS = (
					"$(inherited)",
					"@executable_path/Frameworks",
					"@loader_path/Frameworks",
				);
				PRODUCT_BUNDLE_IDENTIFIER = "RikRoy.Tests-iOS";
				PRODUCT_NAME = "$(TARGET_NAME)";
				SDKROOT = iphoneos;
				SWIFT_VERSION = 5.0;
				TARGETED_DEVICE_FAMILY = "1,2";
				TEST_TARGET_NAME = "Live It (iOS)";
				VALIDATE_PRODUCT = YES;
			};
			name = Release;
		};
		F77570E226A9B68700C365CE /* Debug */ = {
			isa = XCBuildConfiguration;
			buildSettings = {
				ALWAYS_EMBED_SWIFT_STANDARD_LIBRARIES = YES;
				CODE_SIGN_STYLE = Automatic;
				COMBINE_HIDPI_IMAGES = YES;
				INFOPLIST_FILE = "Tests macOS/Info.plist";
				LD_RUNPATH_SEARCH_PATHS = (
					"$(inherited)",
					"@executable_path/../Frameworks",
					"@loader_path/../Frameworks",
				);
				MACOSX_DEPLOYMENT_TARGET = 11.3;
				PRODUCT_BUNDLE_IDENTIFIER = "RikRoy.Tests-macOS";
				PRODUCT_NAME = "$(TARGET_NAME)";
				SDKROOT = macosx;
				SWIFT_VERSION = 5.0;
				TEST_TARGET_NAME = "Live It (macOS)";
			};
			name = Debug;
		};
		F77570E326A9B68700C365CE /* Release */ = {
			isa = XCBuildConfiguration;
			buildSettings = {
				ALWAYS_EMBED_SWIFT_STANDARD_LIBRARIES = YES;
				CODE_SIGN_STYLE = Automatic;
				COMBINE_HIDPI_IMAGES = YES;
				INFOPLIST_FILE = "Tests macOS/Info.plist";
				LD_RUNPATH_SEARCH_PATHS = (
					"$(inherited)",
					"@executable_path/../Frameworks",
					"@loader_path/../Frameworks",
				);
				MACOSX_DEPLOYMENT_TARGET = 11.3;
				PRODUCT_BUNDLE_IDENTIFIER = "RikRoy.Tests-macOS";
				PRODUCT_NAME = "$(TARGET_NAME)";
				SDKROOT = macosx;
				SWIFT_VERSION = 5.0;
				TEST_TARGET_NAME = "Live It (macOS)";
			};
			name = Release;
		};
/* End XCBuildConfiguration section */

/* Begin XCConfigurationList section */
		F77570A526A9B68600C365CE /* Build configuration list for PBXProject "Live It" */ = {
			isa = XCConfigurationList;
			buildConfigurations = (
				F77570D626A9B68700C365CE /* Debug */,
				F77570D726A9B68700C365CE /* Release */,
			);
			defaultConfigurationIsVisible = 0;
			defaultConfigurationName = Release;
		};
		F77570D826A9B68700C365CE /* Build configuration list for PBXNativeTarget "Live It (iOS)" */ = {
			isa = XCConfigurationList;
			buildConfigurations = (
				F77570D926A9B68700C365CE /* Debug */,
				F77570DA26A9B68700C365CE /* Release */,
			);
			defaultConfigurationIsVisible = 0;
			defaultConfigurationName = Release;
		};
		F77570DB26A9B68700C365CE /* Build configuration list for PBXNativeTarget "Live It (macOS)" */ = {
			isa = XCConfigurationList;
			buildConfigurations = (
				F77570DC26A9B68700C365CE /* Debug */,
				F77570DD26A9B68700C365CE /* Release */,
			);
			defaultConfigurationIsVisible = 0;
			defaultConfigurationName = Release;
		};
		F77570DE26A9B68700C365CE /* Build configuration list for PBXNativeTarget "Tests iOS" */ = {
			isa = XCConfigurationList;
			buildConfigurations = (
				F77570DF26A9B68700C365CE /* Debug */,
				F77570E026A9B68700C365CE /* Release */,
			);
			defaultConfigurationIsVisible = 0;
			defaultConfigurationName = Release;
		};
		F77570E126A9B68700C365CE /* Build configuration list for PBXNativeTarget "Tests macOS" */ = {
			isa = XCConfigurationList;
			buildConfigurations = (
				F77570E226A9B68700C365CE /* Debug */,
				F77570E326A9B68700C365CE /* Release */,
			);
			defaultConfigurationIsVisible = 0;
			defaultConfigurationName = Release;
		};
/* End XCConfigurationList section */
	};
	rootObject = F77570A226A9B68600C365CE /* Project object */;
}
